
Microsoft Visual Studio Solution File, Format Version 12.00
# Visual Studio Version 16
VisualStudioVersion = 16.0.30204.135
MinimumVisualStudioVersion = 10.0.40219.1
Project("{9A19103F-16F7-4668-BE54-9A1E7A4F7556}") = "Decorator", "Decorator\Decorator.csproj", "{F3355DFE-05E0-4CDF-A1B0-CAFEFDC34128}"
EndProject
Project("{9A19103F-16F7-4668-BE54-9A1E7A4F7556}") = "Singleton", "Singleton\Singleton.csproj", "{A9269DCB-78D9-44F2-B45C-D25D2FA23564}"
EndProject
Project("{9A19103F-16F7-4668-BE54-9A1E7A4F7556}") = "Strategy", "Strategy\Strategy.csproj", "{AB5F54CD-D8B2-4369-B12F-ADABACBBF11E}"
EndProject
Project("{9A19103F-16F7-4668-BE54-9A1E7A4F7556}") = "Observer", "Observer\Observer.csproj", "{C14671C7-E053-4A61-BFEA-CDA697100CD6}"
EndProject
Project("{FAE04EC0-301F-11D3-BF4B-00C04F79EFBC}") = "Adapter", "Adapter\Adapter.csproj", "{BA634BC2-9136-474F-B548-402A8902653B}"
EndProject
Global
	GlobalSection(SolutionConfigurationPlatforms) = preSolution
		Debug|Any CPU = Debug|Any CPU
		Release|Any CPU = Release|Any CPU
	EndGlobalSection
	GlobalSection(ProjectConfigurationPlatforms) = postSolution
		{F3355DFE-05E0-4CDF-A1B0-CAFEFDC34128}.Debug|Any CPU.ActiveCfg = Debug|Any CPU
		{F3355DFE-05E0-4CDF-A1B0-CAFEFDC34128}.Debug|Any CPU.Build.0 = Debug|Any CPU
		{F3355DFE-05E0-4CDF-A1B0-CAFEFDC34128}.Release|Any CPU.ActiveCfg = Release|Any CPU
		{F3355DFE-05E0-4CDF-A1B0-CAFEFDC34128}.Release|Any CPU.Build.0 = Release|Any CPU
		{A9269DCB-78D9-44F2-B45C-D25D2FA23564}.Debug|Any CPU.ActiveCfg = Debug|Any CPU
		{A9269DCB-78D9-44F2-B45C-D25D2FA23564}.Debug|Any CPU.Build.0 = Debug|Any CPU
		{A9269DCB-78D9-44F2-B45C-D25D2FA23564}.Release|Any CPU.ActiveCfg = Release|Any CPU
		{A9269DCB-78D9-44F2-B45C-D25D2FA23564}.Release|Any CPU.Build.0 = Release|Any CPU
		{AB5F54CD-D8B2-4369-B12F-ADABACBBF11E}.Debug|Any CPU.ActiveCfg = Debug|Any CPU
		{AB5F54CD-D8B2-4369-B12F-ADABACBBF11E}.Debug|Any CPU.Build.0 = Debug|Any CPU
		{AB5F54CD-D8B2-4369-B12F-ADABACBBF11E}.Release|Any CPU.ActiveCfg = Release|Any CPU
		{AB5F54CD-D8B2-4369-B12F-ADABACBBF11E}.Release|Any CPU.Build.0 = Release|Any CPU
		{C14671C7-E053-4A61-BFEA-CDA697100CD6}.Debug|Any CPU.ActiveCfg = Debug|Any CPU
		{C14671C7-E053-4A61-BFEA-CDA697100CD6}.Debug|Any CPU.Build.0 = Debug|Any CPU
		{C14671C7-E053-4A61-BFEA-CDA697100CD6}.Release|Any CPU.ActiveCfg = Release|Any CPU
		{C14671C7-E053-4A61-BFEA-CDA697100CD6}.Release|Any CPU.Build.0 = Release|Any CPU
		{BA634BC2-9136-474F-B548-402A8902653B}.Debug|Any CPU.ActiveCfg = Debug|Any CPU
		{BA634BC2-9136-474F-B548-402A8902653B}.Debug|Any CPU.Build.0 = Debug|Any CPU
		{BA634BC2-9136-474F-B548-402A8902653B}.Release|Any CPU.ActiveCfg = Release|Any CPU
		{BA634BC2-9136-474F-B548-402A8902653B}.Release|Any CPU.Build.0 = Release|Any CPU
	EndGlobalSection
	GlobalSection(SolutionProperties) = preSolution
		HideSolutionNode = FALSE
	EndGlobalSection
	GlobalSection(ExtensibilityGlobals) = postSolution
		SolutionGuid = {2A3EE882-7504-4E15-91C6-E855866B6DE9}
	EndGlobalSection
EndGlobal
